// !$*UTF8*$!
{
	archiveVersion = 1;
	classes = {
	};
	objectVersion = 50;
	objects = {

/* Begin PBXBuildFile section */
		87B512DE2524F01200AE2F65 /* AppDelegate.swift in Sources */ = {isa = PBXBuildFile; fileRef = 87B512DD2524F01200AE2F65 /* AppDelegate.swift */; };
		87B512E02524F01200AE2F65 /* SceneDelegate.swift in Sources */ = {isa = PBXBuildFile; fileRef = 87B512DF2524F01200AE2F65 /* SceneDelegate.swift */; };
		87B512E22524F01200AE2F65 /* ViewController.swift in Sources */ = {isa = PBXBuildFile; fileRef = 87B512E12524F01200AE2F65 /* ViewController.swift */; };
		87B512E52524F01200AE2F65 /* Main.storyboard in Resources */ = {isa = PBXBuildFile; fileRef = 87B512E32524F01200AE2F65 /* Main.storyboard */; };
		87B512E72524F01400AE2F65 /* Assets.xcassets in Resources */ = {isa = PBXBuildFile; fileRef = 87B512E62524F01400AE2F65 /* Assets.xcassets */; };
		87B512EA2524F01400AE2F65 /* LaunchScreen.storyboard in Resources */ = {isa = PBXBuildFile; fileRef = 87B512E82524F01400AE2F65 /* LaunchScreen.storyboard */; };
/* End PBXBuildFile section */

/* Begin PBXFileReference section */
		87B512DA2524F01200AE2F65 /* newProjectForGit.app */ = {isa = PBXFileReference; explicitFileType = wrapper.application; includeInIndex = 0; path = newProjectForGit.app; sourceTree = BUILT_PRODUCTS_DIR; };
		87B512DD2524F01200AE2F65 /* AppDelegate.swift */ = {isa = PBXFileReference; lastKnownFileType = sourcecode.swift; path = AppDelegate.swift; sourceTree = "<group>"; };
		87B512DF2524F01200AE2F65 /* SceneDelegate.swift */ = {isa = PBXFileReference; lastKnownFileType = sourcecode.swift; path = SceneDelegate.swift; sourceTree = "<group>"; };
		87B512E12524F01200AE2F65 /* ViewController.swift */ = {isa = PBXFileReference; lastKnownFileType = sourcecode.swift; path = ViewController.swift; sourceTree = "<group>"; };
		87B512E42524F01200AE2F65 /* Base */ = {isa = PBXFileReference; lastKnownFileType = file.storyboard; name = Base; path = Base.lproj/Main.storyboard; sourceTree = "<group>"; };
		87B512E62524F01400AE2F65 /* Assets.xcassets */ = {isa = PBXFileReference; lastKnownFileType = folder.assetcatalog; path = Assets.xcassets; sourceTree = "<group>"; };
		87B512E92524F01400AE2F65 /* Base */ = {isa = PBXFileReference; lastKnownFileType = file.storyboard; name = Base; path = Base.lproj/LaunchScreen.storyboard; sourceTree = "<group>"; };
		87B512EB2524F01400AE2F65 /* Info.plist */ = {isa = PBXFileReference; lastKnownFileType = text.plist.xml; path = Info.plist; sourceTree = "<group>"; };
/* End PBXFileReference section */

/* Begin PBXFrameworksBuildPhase section */
		87B512D72524F01200AE2F65 /* Frameworks */ = {
			isa = PBXFrameworksBuildPhase;
			buildActionMask = 2147483647;
			files = (
			);
			runOnlyForDeploymentPostprocessing = 0;
		};
/* End PBXFrameworksBuildPhase section */

/* Begin PBXGroup section */
		87B512D12524F01200AE2F65 = {
			isa = PBXGroup;
			children = (
				87B512DC2524F01200AE2F65 /* newProjectForGit */,
				87B512DB2524F01200AE2F65 /* Products */,
			);
			sourceTree = "<group>";
		};
		87B512DB2524F01200AE2F65 /* Products */ = {
			isa = PBXGroup;
			children = (
				87B512DA2524F01200AE2F65 /* newProjectForGit.app */,
			);
			name = Products;
			sourceTree = "<group>";
		};
		87B512DC2524F01200AE2F65 /* newProjectForGit */ = {
			isa = PBXGroup;
			children = (
				87B512DD2524F01200AE2F65 /* AppDelegate.swift */,
				87B512DF2524F01200AE2F65 /* SceneDelegate.swift */,
				87B512E12524F01200AE2F65 /* ViewController.swift */,
				87B512E32524F01200AE2F65 /* Main.storyboard */,
				87B512E62524F01400AE2F65 /* Assets.xcassets */,
				87B512E82524F01400AE2F65 /* LaunchScreen.storyboard */,
				87B512EB2524F01400AE2F65 /* Info.plist */,
			);
			path = newProjectForGit;
			sourceTree = "<group>";
		};
/* End PBXGroup section */

/* Begin PBXNativeTarget section */
		87B512D92524F01200AE2F65 /* newProjectForGit */ = {
			isa = PBXNativeTarget;
			buildConfigurationList = 87B512EE2524F01400AE2F65 /* Build configuration list for PBXNativeTarget "newProjectForGit" */;
			buildPhases = (
				87B512D62524F01200AE2F65 /* Sources */,
				87B512D72524F01200AE2F65 /* Frameworks */,
				87B512D82524F01200AE2F65 /* Resources */,
			);
			buildRules = (
			);
			dependencies = (
			);
			name = newProjectForGit;
			productName = newProjectForGit;
			productReference = 87B512DA2524F01200AE2F65 /* newProjectForGit.app */;
			productType = "com.apple.product-type.application";
		};
/* End PBXNativeTarget section */

/* Begin PBXProject section */
		87B512D22524F01200AE2F65 /* Project object */ = {
			isa = PBXProject;
			attributes = {
				LastSwiftUpdateCheck = 1110;
				LastUpgradeCheck = 1110;
				ORGANIZATIONNAME = "Ramana, Pravin";
				TargetAttributes = {
					87B512D92524F01200AE2F65 = {
						CreatedOnToolsVersion = 11.1;
					};
				};
			};
			buildConfigurationList = 87B512D52524F01200AE2F65 /* Build configuration list for PBXProject "newProjectForGit" */;
			compatibilityVersion = "Xcode 9.3";
			developmentRegion = en;
			hasScannedForEncodings = 0;
			knownRegions = (
				en,
				Base,
			);
			mainGroup = 87B512D12524F01200AE2F65;
			productRefGroup = 87B512DB2524F01200AE2F65 /* Products */;
			projectDirPath = "";
			projectRoot = "";
			targets = (
				87B512D92524F01200AE2F65 /* newProjectForGit */,
			);
		};
/* End PBXProject section */

/* Begin PBXResourcesBuildPhase section */
		87B512D82524F01200AE2F65 /* Resources */ = {
			isa = PBXResourcesBuildPhase;
			buildActionMask = 2147483647;
			files = (
				87B512EA2524F01400AE2F65 /* LaunchScreen.storyboard in Resources */,
				87B512E72524F01400AE2F65 /* Assets.xcassets in Resources */,
				87B512E52524F01200AE2F65 /* Main.storyboard in Resources */,
			);
			runOnlyForDeploymentPostprocessing = 0;
		};
/* End PBXResourcesBuildPhase section */

/* Begin PBXSourcesBuildPhase section */
		87B512D62524F01200AE2F65 /* Sources */ = {
			isa = PBXSourcesBuildPhase;
			buildActionMask = 2147483647;
			files = (
				87B512E22524F01200AE2F65 /* ViewController.swift in Sources */,
				87B512DE2524F01200AE2F65 /* AppDelegate.swift in Sources */,
				87B512E02524F01200AE2F65 /* SceneDelegate.swift in Sources */,
			);
			runOnlyForDeploymentPostprocessing = 0;
		};
/* End PBXSourcesBuildPhase section */

/* Begin PBXVariantGroup section */
		87B512E32524F01200AE2F65 /* Main.storyboard */ = {
			isa = PBXVariantGroup;
			children = (
				87B512E42524F01200AE2F65 /* Base */,
			);
			name = Main.storyboard;
			sourceTree = "<group>";
		};
		87B512E82524F01400AE2F65 /* LaunchScreen.storyboard */ = {
			isa = PBXVariantGroup;
			children = (
				87B512E92524F01400AE2F65 /* Base */,
			);
			name = LaunchScreen.storyboard;
			sourceTree = "<group>";
		};
/* End PBXVariantGroup section */

/* Begin XCBuildConfiguration section */
		87B512EC2524F01400AE2F65 /* Debug */ = {
			isa = XCBuildConfiguration;
			buildSettings = {
				ALWAYS_SEARCH_USER_PATHS = NO;
				CLANG_ANALYZER_NONNULL = YES;
				CLANG_ANALYZER_NUMBER_OBJECT_CONVERSION = YES_AGGRESSIVE;
				CLANG_CXX_LANGUAGE_STANDARD = "gnu++14";
				CLANG_CXX_LIBRARY = "libc++";
				CLANG_ENABLE_MODULES = YES;
				CLANG_ENABLE_OBJC_ARC = YES;
				CLANG_ENABLE_OBJC_WEAK = YES;
				CLANG_WARN_BLOCK_CAPTURE_AUTORELEASING = YES;
				CLANG_WARN_BOOL_CONVERSION = YES;
				CLANG_WARN_COMMA = YES;
				CLANG_WARN_CONSTANT_CONVERSION = YES;
				CLANG_WARN_DEPRECATED_OBJC_IMPLEMENTATIONS = YES;
				CLANG_WARN_DIRECT_OBJC_ISA_USAGE = YES_ERROR;
				CLANG_WARN_DOCUMENTATION_COMMENTS = YES;
				CLANG_WARN_EMPTY_BODY = YES;
				CLANG_WARN_ENUM_CONVERSION = YES;
				CLANG_WARN_INFINITE_RECURSION = YES;
				CLANG_WARN_INT_CONVERSION = YES;
				CLANG_WARN_NON_LITERAL_NULL_CONVERSION = YES;
				CLANG_WARN_OBJC_IMPLICIT_RETAIN_SELF = YES;
				CLANG_WARN_OBJC_LITERAL_CONVERSION = YES;
				CLANG_WARN_OBJC_ROOT_CLASS = YES_ERROR;
				CLANG_WARN_RANGE_LOOP_ANALYSIS = YES;
				CLANG_WARN_STRICT_PROTOTYPES = YES;
				CLANG_WARN_SUSPICIOUS_MOVE = YES;
				CLANG_WARN_UNGUARDED_AVAILABILITY = YES_AGGRESSIVE;
				CLANG_WARN_UNREACHABLE_CODE = YES;
				CLANG_WARN__DUPLICATE_METHOD_MATCH = YES;
				COPY_PHASE_STRIP = NO;
				DEBUG_INFORMATION_FORMAT = dwarf;
				ENABLE_STRICT_OBJC_MSGSEND = YES;
				ENABLE_TESTABILITY = YES;
				GCC_C_LANGUAGE_STANDARD = gnu11;
				GCC_DYNAMIC_NO_PIC = NO;
				GCC_NO_COMMON_BLOCKS = YES;
				GCC_OPTIMIZATION_LEVEL = 0;
				GCC_PREPROCESSOR_DEFINITIONS = (
					"DEBUG=1",
					"$(inherited)",
				);
				GCC_WARN_64_TO_32_BIT_CONVERSION = YES;
				GCC_WARN_ABOUT_RETURN_TYPE = YES_ERROR;
				GCC_WARN_UNDECLARED_SELECTOR = YES;
				GCC_WARN_UNINITIALIZED_AUTOS = YES_AGGRESSIVE;
				GCC_WARN_UNUSED_FUNCTION = YES;
				GCC_WARN_UNUSED_VARIABLE = YES;
				IPHONEOS_DEPLOYMENT_TARGET = 13.1;
				MTL_ENABLE_DEBUG_INFO = INCLUDE_SOURCE;
				MTL_FAST_MATH = YES;
				ONLY_ACTIVE_ARCH = YES;
				SDKROOT = iphoneos;
				SWIFT_ACTIVE_COMPILATION_CONDITIONS = DEBUG;
				SWIFT_OPTIMIZATION_LEVEL = "-Onone";
			};
			name = Debug;
		};
		87B512ED2524F01400AE2F65 /* Release */ = {
			isa = XCBuildConfiguration;
			buildSettings = {
				ALWAYS_SEARCH_USER_PATHS = NO;
				CLANG_ANALYZER_NONNULL = YES;
				CLANG_ANALYZER_NUMBER_OBJECT_CONVERSION = YES_AGGRESSIVE;
				CLANG_CXX_LANGUAGE_STANDARD = "gnu++14";
				CLANG_CXX_LIBRARY = "libc++";
				CLANG_ENABLE_MODULES = YES;
				CLANG_ENABLE_OBJC_ARC = YES;
				CLANG_ENABLE_OBJC_WEAK = YES;
				CLANG_WARN_BLOCK_CAPTURE_AUTORELEASING = YES;
				CLANG_WARN_BOOL_CONVERSION = YES;
				CLANG_WARN_COMMA = YES;
				CLANG_WARN_CONSTANT_CONVERSION = YES;
				CLANG_WARN_DEPRECATED_OBJC_IMPLEMENTATIONS = YES;
				CLANG_WARN_DIRECT_OBJC_ISA_USAGE = YES_ERROR;
				CLANG_WARN_DOCUMENTATION_COMMENTS = YES;
				CLANG_WARN_EMPTY_BODY = YES;
				CLANG_WARN_ENUM_CONVERSION = YES;
				CLANG_WARN_INFINITE_RECURSION = YES;
				CLANG_WARN_INT_CONVERSION = YES;
				CLANG_WARN_NON_LITERAL_NULL_CONVERSION = YES;
				CLANG_WARN_OBJC_IMPLICIT_RETAIN_SELF = YES;
				CLANG_WARN_OBJC_LITERAL_CONVERSION = YES;
				CLANG_WARN_OBJC_ROOT_CLASS = YES_ERROR;
				CLANG_WARN_RANGE_LOOP_ANALYSIS = YES;
				CLANG_WARN_STRICT_PROTOTYPES = YES;
				CLANG_WARN_SUSPICIOUS_MOVE = YES;
				CLANG_WARN_UNGUARDED_AVAILABILITY = YES_AGGRESSIVE;
				CLANG_WARN_UNREACHABLE_CODE = YES;
				CLANG_WARN__DUPLICATE_METHOD_MATCH = YES;
				COPY_PHASE_STRIP = NO;
				DEBUG_INFORMATION_FORMAT = "dwarf-with-dsym";
				ENABLE_NS_ASSERTIONS = NO;
				ENABLE_STRICT_OBJC_MSGSEND = YES;
				GCC_C_LANGUAGE_STANDARD = gnu11;
				GCC_NO_COMMON_BLOCKS = YES;
				GCC_WARN_64_TO_32_BIT_CONVERSION = YES;
				GCC_WARN_ABOUT_RETURN_TYPE = YES_ERROR;
				GCC_WARN_UNDECLARED_SELECTOR = YES;
				GCC_WARN_UNINITIALIZED_AUTOS = YES_AGGRESSIVE;
				GCC_WARN_UNUSED_FUNCTION = YES;
				GCC_WARN_UNUSED_VARIABLE = YES;
				IPHONEOS_DEPLOYMENT_TARGET = 13.1;
				MTL_ENABLE_DEBUG_INFO = NO;
				MTL_FAST_MATH = YES;
				SDKROOT = iphoneos;
				SWIFT_COMPILATION_MODE = wholemodule;
				SWIFT_OPTIMIZATION_LEVEL = "-O";
				VALIDATE_PRODUCT = YES;
			};
			name = Release;
		};
		87B512EF2524F01400AE2F65 /* Debug */ = {
			isa = XCBuildConfiguration;
			buildSettings = {
				ASSETCATALOG_COMPILER_APPICON_NAME = AppIcon;
				CODE_SIGN_STYLE = Automatic;
				DEVELOPMENT_TEAM = 4ZTX7K9LV2;
				INFOPLIST_FILE = newProjectForGit/Info.plist;
				LD_RUNPATH_SEARCH_PATHS = (
					"$(inherited)",
					"@executable_path/Frameworks",
				);
				PRODUCT_BUNDLE_IDENTIFIER = org.friscoisd.k12.pravin.newProjectForGit;
				PRODUCT_NAME = "$(TARGET_NAME)";
				SWIFT_VERSION = 5.0;
				TARGETED_DEVICE_FAMILY = "1,2";
			};
			name = Debug;
		};
		87B512F02524F01400AE2F65 /* Release */ = {
			isa = XCBuildConfiguration;
			buildSettings = {
				ASSETCATALOG_COMPILER_APPICON_NAME = AppIcon;
				CODE_SIGN_STYLE = Automatic;
				DEVELOPMENT_TEAM = 4ZTX7K9LV2;
				INFOPLIST_FILE = newProjectForGit/Info.plist;
				LD_RUNPATH_SEARCH_PATHS = (
					"$(inherited)",
					"@executable_path/Frameworks",
				);
				PRODUCT_BUNDLE_IDENTIFIER = org.friscoisd.k12.pravin.newProjectForGit;
				PRODUCT_NAME = "$(TARGET_NAME)";
				SWIFT_VERSION = 5.0;
				TARGETED_DEVICE_FAMILY = "1,2";
			};
			name = Release;
		};
/* End XCBuildConfiguration section */

/* Begin XCConfigurationList section */
		87B512D52524F01200AE2F65 /* Build configuration list for PBXProject "newProjectForGit" */ = {
			isa = XCConfigurationList;
			buildConfigurations = (
				87B512EC2524F01400AE2F65 /* Debug */,
				87B512ED2524F01400AE2F65 /* Release */,
			);
			defaultConfigurationIsVisible = 0;
			defaultConfigurationName = Release;
		};
		87B512EE2524F01400AE2F65 /* Build configuration list for PBXNativeTarget "newProjectForGit" */ = {
			isa = XCConfigurationList;
			buildConfigurations = (
				87B512EF2524F01400AE2F65 /* Debug */,
				87B512F02524F01400AE2F65 /* Release */,
			);
			defaultConfigurationIsVisible = 0;
			defaultConfigurationName = Release;
		};
/* End XCConfigurationList section */
	};
	rootObject = 87B512D22524F01200AE2F65 /* Project object */;
}
